
Microsoft Visual Studio Solution File, Format Version 12.00
# Visual Studio Version 17
VisualStudioVersion = 17.7.34024.191
MinimumVisualStudioVersion = 10.0.40219.1
Project("{FAE04EC0-301F-11D3-BF4B-00C04F79EFBC}") = "KviatkovskyiLab2", "KviatkovskyiLab2\KviatkovskyiLab2.csproj", "{A7C728D8-6F45-4BD2-9CC8-F254A197AD11}"
EndProject
Global
	GlobalSection(SolutionConfigurationPlatforms) = preSolution
		Debug|Any CPU = Debug|Any CPU
		Release|Any CPU = Release|Any CPU
	EndGlobalSection
	GlobalSection(ProjectConfigurationPlatforms) = postSolution
		{A7C728D8-6F45-4BD2-9CC8-F254A197AD11}.Debug|Any CPU.ActiveCfg = Debug|Any CPU
		{A7C728D8-6F45-4BD2-9CC8-F254A197AD11}.Debug|Any CPU.Build.0 = Debug|Any CPU
		{A7C728D8-6F45-4BD2-9CC8-F254A197AD11}.Release|Any CPU.ActiveCfg = Release|Any CPU
		{A7C728D8-6F45-4BD2-9CC8-F254A197AD11}.Release|Any CPU.Build.0 = Release|Any CPU
	EndGlobalSection
	GlobalSection(SolutionProperties) = preSolution
		HideSolutionNode = FALSE
	EndGlobalSection
	GlobalSection(ExtensibilityGlobals) = postSolution
		SolutionGuid = {9F042384-6FC7-449F-B9BA-BF972052EE6B}
	EndGlobalSection
EndGlobal
